// !$*UTF8*$!
{
	archiveVersion = 1;
	classes = {
	};
	objectVersion = 52;
	objects = {

/* Begin PBXBuildFile section */
		D644372D2984E9440038A887 /* HomeViewController.swift in Sources */ = {isa = PBXBuildFile; fileRef = D644372C2984E9440038A887 /* HomeViewController.swift */; };
		D644372F2984E9890038A887 /* FoodDetailViewController.swift in Sources */ = {isa = PBXBuildFile; fileRef = D644372E2984E9890038A887 /* FoodDetailViewController.swift */; };
		D64437312984E99D0038A887 /* WishlistViewController.swift in Sources */ = {isa = PBXBuildFile; fileRef = D64437302984E99D0038A887 /* WishlistViewController.swift */; };
		D6A23A09298D99B300EFAD8D /* Acme-Regular.ttf in Resources */ = {isa = PBXBuildFile; fileRef = D6A23A08298D99B300EFAD8D /* Acme-Regular.ttf */; };
		D6A23A0B298DC63100EFAD8D /* Extensions.swift in Sources */ = {isa = PBXBuildFile; fileRef = D6A23A0A298DC63100EFAD8D /* Extensions.swift */; };
		D6A23A0E298DCF7A00EFAD8D /* APICaller.swift in Sources */ = {isa = PBXBuildFile; fileRef = D6A23A0D298DCF7A00EFAD8D /* APICaller.swift */; };
		D6A23A10298DD23100EFAD8D /* Food.swift in Sources */ = {isa = PBXBuildFile; fileRef = D6A23A0F298DD23100EFAD8D /* Food.swift */; };
		D6A23A12298DDB9A00EFAD8D /* FoodCollectionViewCell.swift in Sources */ = {isa = PBXBuildFile; fileRef = D6A23A11298DDB9A00EFAD8D /* FoodCollectionViewCell.swift */; };
		D6B678BB298E2AF6003A2E48 /* SDWebImage in Frameworks */ = {isa = PBXBuildFile; productRef = D6B678BA298E2AF6003A2E48 /* SDWebImage */; };
		D6B678BD298E2AF6003A2E48 /* SDWebImageMapKit in Frameworks */ = {isa = PBXBuildFile; productRef = D6B678BC298E2AF6003A2E48 /* SDWebImageMapKit */; };
		D6CBE8A42985ABAA0066866D /* CollectionViewTableViewCell.swift in Sources */ = {isa = PBXBuildFile; fileRef = D6CBE8A32985ABAA0066866D /* CollectionViewTableViewCell.swift */; };
		D6CBE8A62985B3640066866D /* HomeMainImageUIView.swift in Sources */ = {isa = PBXBuildFile; fileRef = D6CBE8A52985B3640066866D /* HomeMainImageUIView.swift */; };
		D6CEE9E9298EB82B00FAED1C /* FoodItemTableViewCell.swift in Sources */ = {isa = PBXBuildFile; fileRef = D6CEE9E8298EB82B00FAED1C /* FoodItemTableViewCell.swift */; };
		D6D1832A298C21AF000F9D80 /* Poppins-Regular.ttf in Resources */ = {isa = PBXBuildFile; fileRef = D6D18327298C21AF000F9D80 /* Poppins-Regular.ttf */; };
		D6D1832B298C21AF000F9D80 /* Poppins-ExtraLight.ttf in Resources */ = {isa = PBXBuildFile; fileRef = D6D18328298C21AF000F9D80 /* Poppins-ExtraLight.ttf */; };
		D6D1832C298C21AF000F9D80 /* Poppins-Bold.ttf in Resources */ = {isa = PBXBuildFile; fileRef = D6D18329298C21AF000F9D80 /* Poppins-Bold.ttf */; };
		D6F38C78298445FB0067E13F /* AppDelegate.swift in Sources */ = {isa = PBXBuildFile; fileRef = D6F38C77298445FB0067E13F /* AppDelegate.swift */; };
		D6F38C7A298445FB0067E13F /* SceneDelegate.swift in Sources */ = {isa = PBXBuildFile; fileRef = D6F38C79298445FB0067E13F /* SceneDelegate.swift */; };
		D6F38C7C298445FB0067E13F /* MainTabBarViewController.swift in Sources */ = {isa = PBXBuildFile; fileRef = D6F38C7B298445FB0067E13F /* MainTabBarViewController.swift */; };
		D6F38C81298445FF0067E13F /* Assets.xcassets in Resources */ = {isa = PBXBuildFile; fileRef = D6F38C80298445FF0067E13F /* Assets.xcassets */; };
		D6F38C84298445FF0067E13F /* LaunchScreen.storyboard in Resources */ = {isa = PBXBuildFile; fileRef = D6F38C82298445FF0067E13F /* LaunchScreen.storyboard */; };
		D6F809D4298E75940033F19E /* Constant.swift in Sources */ = {isa = PBXBuildFile; fileRef = D6F809D3298E75940033F19E /* Constant.swift */; };
		D6F809D6298E77970033F19E /* FoodListViewController.swift in Sources */ = {isa = PBXBuildFile; fileRef = D6F809D5298E77970033F19E /* FoodListViewController.swift */; };
/* End PBXBuildFile section */

/* Begin PBXFileReference section */
		D644372C2984E9440038A887 /* HomeViewController.swift */ = {isa = PBXFileReference; lastKnownFileType = sourcecode.swift; path = HomeViewController.swift; sourceTree = "<group>"; };
		D644372E2984E9890038A887 /* FoodDetailViewController.swift */ = {isa = PBXFileReference; lastKnownFileType = sourcecode.swift; path = FoodDetailViewController.swift; sourceTree = "<group>"; };
		D64437302984E99D0038A887 /* WishlistViewController.swift */ = {isa = PBXFileReference; lastKnownFileType = sourcecode.swift; path = WishlistViewController.swift; sourceTree = "<group>"; };
		D6A23A08298D99B300EFAD8D /* Acme-Regular.ttf */ = {isa = PBXFileReference; lastKnownFileType = file; path = "Acme-Regular.ttf"; sourceTree = "<group>"; };
		D6A23A0A298DC63100EFAD8D /* Extensions.swift */ = {isa = PBXFileReference; lastKnownFileType = sourcecode.swift; path = Extensions.swift; sourceTree = "<group>"; };
		D6A23A0D298DCF7A00EFAD8D /* APICaller.swift */ = {isa = PBXFileReference; lastKnownFileType = sourcecode.swift; path = APICaller.swift; sourceTree = "<group>"; };
		D6A23A0F298DD23100EFAD8D /* Food.swift */ = {isa = PBXFileReference; lastKnownFileType = sourcecode.swift; path = Food.swift; sourceTree = "<group>"; };
		D6A23A11298DDB9A00EFAD8D /* FoodCollectionViewCell.swift */ = {isa = PBXFileReference; lastKnownFileType = sourcecode.swift; path = FoodCollectionViewCell.swift; sourceTree = "<group>"; };
		D6CBE8A32985ABAA0066866D /* CollectionViewTableViewCell.swift */ = {isa = PBXFileReference; lastKnownFileType = sourcecode.swift; path = CollectionViewTableViewCell.swift; sourceTree = "<group>"; };
		D6CBE8A52985B3640066866D /* HomeMainImageUIView.swift */ = {isa = PBXFileReference; lastKnownFileType = sourcecode.swift; path = HomeMainImageUIView.swift; sourceTree = "<group>"; };
		D6CEE9E8298EB82B00FAED1C /* FoodItemTableViewCell.swift */ = {isa = PBXFileReference; lastKnownFileType = sourcecode.swift; path = FoodItemTableViewCell.swift; sourceTree = "<group>"; };
		D6D18327298C21AF000F9D80 /* Poppins-Regular.ttf */ = {isa = PBXFileReference; lastKnownFileType = file; path = "Poppins-Regular.ttf"; sourceTree = "<group>"; };
		D6D18328298C21AF000F9D80 /* Poppins-ExtraLight.ttf */ = {isa = PBXFileReference; lastKnownFileType = file; path = "Poppins-ExtraLight.ttf"; sourceTree = "<group>"; };
		D6D18329298C21AF000F9D80 /* Poppins-Bold.ttf */ = {isa = PBXFileReference; lastKnownFileType = file; path = "Poppins-Bold.ttf"; sourceTree = "<group>"; };
		D6F38C74298445FB0067E13F /* ios-cw-app.app */ = {isa = PBXFileReference; explicitFileType = wrapper.application; includeInIndex = 0; path = "ios-cw-app.app"; sourceTree = BUILT_PRODUCTS_DIR; };
		D6F38C77298445FB0067E13F /* AppDelegate.swift */ = {isa = PBXFileReference; lastKnownFileType = sourcecode.swift; path = AppDelegate.swift; sourceTree = "<group>"; };
		D6F38C79298445FB0067E13F /* SceneDelegate.swift */ = {isa = PBXFileReference; lastKnownFileType = sourcecode.swift; path = SceneDelegate.swift; sourceTree = "<group>"; };
		D6F38C7B298445FB0067E13F /* MainTabBarViewController.swift */ = {isa = PBXFileReference; lastKnownFileType = sourcecode.swift; path = MainTabBarViewController.swift; sourceTree = "<group>"; };
		D6F38C80298445FF0067E13F /* Assets.xcassets */ = {isa = PBXFileReference; lastKnownFileType = folder.assetcatalog; path = Assets.xcassets; sourceTree = "<group>"; };
		D6F38C83298445FF0067E13F /* Base */ = {isa = PBXFileReference; lastKnownFileType = file.storyboard; name = Base; path = Base.lproj/LaunchScreen.storyboard; sourceTree = "<group>"; };
		D6F38C85298445FF0067E13F /* Info.plist */ = {isa = PBXFileReference; lastKnownFileType = text.plist.xml; path = Info.plist; sourceTree = "<group>"; };
		D6F809D3298E75940033F19E /* Constant.swift */ = {isa = PBXFileReference; lastKnownFileType = sourcecode.swift; path = Constant.swift; sourceTree = "<group>"; };
		D6F809D5298E77970033F19E /* FoodListViewController.swift */ = {isa = PBXFileReference; lastKnownFileType = sourcecode.swift; path = FoodListViewController.swift; sourceTree = "<group>"; };
/* End PBXFileReference section */

/* Begin PBXFrameworksBuildPhase section */
		D6F38C71298445FB0067E13F /* Frameworks */ = {
			isa = PBXFrameworksBuildPhase;
			buildActionMask = 2147483647;
			files = (
				D6B678BD298E2AF6003A2E48 /* SDWebImageMapKit in Frameworks */,
				D6B678BB298E2AF6003A2E48 /* SDWebImage in Frameworks */,
			);
			runOnlyForDeploymentPostprocessing = 0;
		};
/* End PBXFrameworksBuildPhase section */

/* Begin PBXGroup section */
		D644372B2984E91E0038A887 /* Contollers */ = {
			isa = PBXGroup;
			children = (
				D644372C2984E9440038A887 /* HomeViewController.swift */,
				D644372E2984E9890038A887 /* FoodDetailViewController.swift */,
				D64437302984E99D0038A887 /* WishlistViewController.swift */,
				D6F809D5298E77970033F19E /* FoodListViewController.swift */,
			);
			path = Contollers;
			sourceTree = "<group>";
		};
		D64623F7298B9BC400FBE61D /* Resources */ = {
			isa = PBXGroup;
			children = (
				D64623F8298B9BD600FBE61D /* Fonts */,
				D6A23A0A298DC63100EFAD8D /* Extensions.swift */,
			);
			path = Resources;
			sourceTree = "<group>";
		};
		D64623F8298B9BD600FBE61D /* Fonts */ = {
			isa = PBXGroup;
			children = (
				D6A23A08298D99B300EFAD8D /* Acme-Regular.ttf */,
				D6D18329298C21AF000F9D80 /* Poppins-Bold.ttf */,
				D6D18328298C21AF000F9D80 /* Poppins-ExtraLight.ttf */,
				D6D18327298C21AF000F9D80 /* Poppins-Regular.ttf */,
			);
			path = Fonts;
			sourceTree = "<group>";
		};
		D6A23A0C298DCF5A00EFAD8D /* Managers */ = {
			isa = PBXGroup;
			children = (
				D6A23A0D298DCF7A00EFAD8D /* APICaller.swift */,
			);
			path = Managers;
			sourceTree = "<group>";
		};
		D6CBE8A02985A9C90066866D /* Models */ = {
			isa = PBXGroup;
			children = (
				D6A23A0F298DD23100EFAD8D /* Food.swift */,
			);
			path = Models;
			sourceTree = "<group>";
		};
		D6CBE8A12985A9D30066866D /* Views */ = {
			isa = PBXGroup;
			children = (
				D6CBE8A32985ABAA0066866D /* CollectionViewTableViewCell.swift */,
				D6CBE8A52985B3640066866D /* HomeMainImageUIView.swift */,
				D6A23A11298DDB9A00EFAD8D /* FoodCollectionViewCell.swift */,
				D6CEE9E8298EB82B00FAED1C /* FoodItemTableViewCell.swift */,
			);
			path = Views;
			sourceTree = "<group>";
		};
		D6CBE8A22985A9E70066866D /* ViewModels */ = {
			isa = PBXGroup;
			children = (
			);
			path = ViewModels;
			sourceTree = "<group>";
		};
		D6F38C6B298445FB0067E13F = {
			isa = PBXGroup;
			children = (
				D6F38C76298445FB0067E13F /* ios-cw-app */,
				D6F38C75298445FB0067E13F /* Products */,
			);
			sourceTree = "<group>";
		};
		D6F38C75298445FB0067E13F /* Products */ = {
			isa = PBXGroup;
			children = (
				D6F38C74298445FB0067E13F /* ios-cw-app.app */,
			);
			name = Products;
			sourceTree = "<group>";
		};
		D6F38C76298445FB0067E13F /* ios-cw-app */ = {
			isa = PBXGroup;
			children = (
				D6F809D2298E75750033F19E /* Config */,
				D6A23A0C298DCF5A00EFAD8D /* Managers */,
				D64623F7298B9BC400FBE61D /* Resources */,
				D6CBE8A02985A9C90066866D /* Models */,
				D6CBE8A12985A9D30066866D /* Views */,
				D6CBE8A22985A9E70066866D /* ViewModels */,
				D644372B2984E91E0038A887 /* Contollers */,
				D6F38C77298445FB0067E13F /* AppDelegate.swift */,
				D6F38C79298445FB0067E13F /* SceneDelegate.swift */,
				D6F38C7B298445FB0067E13F /* MainTabBarViewController.swift */,
				D6F38C80298445FF0067E13F /* Assets.xcassets */,
				D6F38C82298445FF0067E13F /* LaunchScreen.storyboard */,
				D6F38C85298445FF0067E13F /* Info.plist */,
			);
			path = "ios-cw-app";
			sourceTree = "<group>";
		};
		D6F809D2298E75750033F19E /* Config */ = {
			isa = PBXGroup;
			children = (
				D6F809D3298E75940033F19E /* Constant.swift */,
			);
			path = Config;
			sourceTree = "<group>";
		};
/* End PBXGroup section */

/* Begin PBXNativeTarget section */
		D6F38C73298445FB0067E13F /* ios-cw-app */ = {
			isa = PBXNativeTarget;
			buildConfigurationList = D6F38C88298445FF0067E13F /* Build configuration list for PBXNativeTarget "ios-cw-app" */;
			buildPhases = (
				D6F38C70298445FB0067E13F /* Sources */,
				D6F38C71298445FB0067E13F /* Frameworks */,
				D6F38C72298445FB0067E13F /* Resources */,
			);
			buildRules = (
			);
			dependencies = (
			);
			name = "ios-cw-app";
			packageProductDependencies = (
				D6B678BA298E2AF6003A2E48 /* SDWebImage */,
				D6B678BC298E2AF6003A2E48 /* SDWebImageMapKit */,
			);
			productName = "ios-cw-app";
			productReference = D6F38C74298445FB0067E13F /* ios-cw-app.app */;
			productType = "com.apple.product-type.application";
		};
/* End PBXNativeTarget section */

/* Begin PBXProject section */
		D6F38C6C298445FB0067E13F /* Project object */ = {
			isa = PBXProject;
			attributes = {
				LastSwiftUpdateCheck = 1170;
				LastUpgradeCheck = 1170;
				ORGANIZATIONNAME = Hashan;
				TargetAttributes = {
					D6F38C73298445FB0067E13F = {
						CreatedOnToolsVersion = 11.7;
					};
				};
			};
			buildConfigurationList = D6F38C6F298445FB0067E13F /* Build configuration list for PBXProject "ios-cw-app" */;
			compatibilityVersion = "Xcode 9.3";
			developmentRegion = en;
			hasScannedForEncodings = 0;
			knownRegions = (
				en,
				Base,
			);
			mainGroup = D6F38C6B298445FB0067E13F;
			packageReferences = (
				D6B678B9298E2AF6003A2E48 /* XCRemoteSwiftPackageReference "SDWebImage" */,
			);
			productRefGroup = D6F38C75298445FB0067E13F /* Products */;
			projectDirPath = "";
			projectRoot = "";
			targets = (
				D6F38C73298445FB0067E13F /* ios-cw-app */,
			);
		};
/* End PBXProject section */

/* Begin PBXResourcesBuildPhase section */
		D6F38C72298445FB0067E13F /* Resources */ = {
			isa = PBXResourcesBuildPhase;
			buildActionMask = 2147483647;
			files = (
				D6D1832B298C21AF000F9D80 /* Poppins-ExtraLight.ttf in Resources */,
				D6A23A09298D99B300EFAD8D /* Acme-Regular.ttf in Resources */,
				D6D1832A298C21AF000F9D80 /* Poppins-Regular.ttf in Resources */,
				D6D1832C298C21AF000F9D80 /* Poppins-Bold.ttf in Resources */,
				D6F38C84298445FF0067E13F /* LaunchScreen.storyboard in Resources */,
				D6F38C81298445FF0067E13F /* Assets.xcassets in Resources */,
			);
			runOnlyForDeploymentPostprocessing = 0;
		};
/* End PBXResourcesBuildPhase section */

/* Begin PBXSourcesBuildPhase section */
		D6F38C70298445FB0067E13F /* Sources */ = {
			isa = PBXSourcesBuildPhase;
			buildActionMask = 2147483647;
			files = (
				D6CEE9E9298EB82B00FAED1C /* FoodItemTableViewCell.swift in Sources */,
				D6A23A10298DD23100EFAD8D /* Food.swift in Sources */,
				D6F38C7C298445FB0067E13F /* MainTabBarViewController.swift in Sources */,
				D6A23A0B298DC63100EFAD8D /* Extensions.swift in Sources */,
				D64437312984E99D0038A887 /* WishlistViewController.swift in Sources */,
				D6A23A0E298DCF7A00EFAD8D /* APICaller.swift in Sources */,
				D6F38C78298445FB0067E13F /* AppDelegate.swift in Sources */,
				D6CBE8A42985ABAA0066866D /* CollectionViewTableViewCell.swift in Sources */,
				D6F38C7A298445FB0067E13F /* SceneDelegate.swift in Sources */,
				D6F809D6298E77970033F19E /* FoodListViewController.swift in Sources */,
				D644372F2984E9890038A887 /* FoodDetailViewController.swift in Sources */,
				D6F809D4298E75940033F19E /* Constant.swift in Sources */,
				D6CBE8A62985B3640066866D /* HomeMainImageUIView.swift in Sources */,
				D6A23A12298DDB9A00EFAD8D /* FoodCollectionViewCell.swift in Sources */,
				D644372D2984E9440038A887 /* HomeViewController.swift in Sources */,
			);
			runOnlyForDeploymentPostprocessing = 0;
		};
/* End PBXSourcesBuildPhase section */

/* Begin PBXVariantGroup section */
		D6F38C82298445FF0067E13F /* LaunchScreen.storyboard */ = {
			isa = PBXVariantGroup;
			children = (
				D6F38C83298445FF0067E13F /* Base */,
			);
			name = LaunchScreen.storyboard;
			sourceTree = "<group>";
		};
/* End PBXVariantGroup section */

/* Begin XCBuildConfiguration section */
		D6F38C86298445FF0067E13F /* Debug */ = {
			isa = XCBuildConfiguration;
			buildSettings = {
				ALWAYS_SEARCH_USER_PATHS = NO;
				CLANG_ANALYZER_NONNULL = YES;
				CLANG_ANALYZER_NUMBER_OBJECT_CONVERSION = YES_AGGRESSIVE;
				CLANG_CXX_LANGUAGE_STANDARD = "gnu++14";
				CLANG_CXX_LIBRARY = "libc++";
				CLANG_ENABLE_MODULES = YES;
				CLANG_ENABLE_OBJC_ARC = YES;
				CLANG_ENABLE_OBJC_WEAK = YES;
				CLANG_WARN_BLOCK_CAPTURE_AUTORELEASING = YES;
				CLANG_WARN_BOOL_CONVERSION = YES;
				CLANG_WARN_COMMA = YES;
				CLANG_WARN_CONSTANT_CONVERSION = YES;
				CLANG_WARN_DEPRECATED_OBJC_IMPLEMENTATIONS = YES;
				CLANG_WARN_DIRECT_OBJC_ISA_USAGE = YES_ERROR;
				CLANG_WARN_DOCUMENTATION_COMMENTS = YES;
				CLANG_WARN_EMPTY_BODY = YES;
				CLANG_WARN_ENUM_CONVERSION = YES;
				CLANG_WARN_INFINITE_RECURSION = YES;
				CLANG_WARN_INT_CONVERSION = YES;
				CLANG_WARN_NON_LITERAL_NULL_CONVERSION = YES;
				CLANG_WARN_OBJC_IMPLICIT_RETAIN_SELF = YES;
				CLANG_WARN_OBJC_LITERAL_CONVERSION = YES;
				CLANG_WARN_OBJC_ROOT_CLASS = YES_ERROR;
				CLANG_WARN_RANGE_LOOP_ANALYSIS = YES;
				CLANG_WARN_STRICT_PROTOTYPES = YES;
				CLANG_WARN_SUSPICIOUS_MOVE = YES;
				CLANG_WARN_UNGUARDED_AVAILABILITY = YES_AGGRESSIVE;
				CLANG_WARN_UNREACHABLE_CODE = YES;
				CLANG_WARN__DUPLICATE_METHOD_MATCH = YES;
				COPY_PHASE_STRIP = NO;
				DEBUG_INFORMATION_FORMAT = dwarf;
				ENABLE_STRICT_OBJC_MSGSEND = YES;
				ENABLE_TESTABILITY = YES;
				GCC_C_LANGUAGE_STANDARD = gnu11;
				GCC_DYNAMIC_NO_PIC = NO;
				GCC_NO_COMMON_BLOCKS = YES;
				GCC_OPTIMIZATION_LEVEL = 0;
				GCC_PREPROCESSOR_DEFINITIONS = (
					"DEBUG=1",
					"$(inherited)",
				);
				GCC_WARN_64_TO_32_BIT_CONVERSION = YES;
				GCC_WARN_ABOUT_RETURN_TYPE = YES_ERROR;
				GCC_WARN_UNDECLARED_SELECTOR = YES;
				GCC_WARN_UNINITIALIZED_AUTOS = YES_AGGRESSIVE;
				GCC_WARN_UNUSED_FUNCTION = YES;
				GCC_WARN_UNUSED_VARIABLE = YES;
				IPHONEOS_DEPLOYMENT_TARGET = 13.7;
				MTL_ENABLE_DEBUG_INFO = INCLUDE_SOURCE;
				MTL_FAST_MATH = YES;
				ONLY_ACTIVE_ARCH = YES;
				SDKROOT = iphoneos;
				SWIFT_ACTIVE_COMPILATION_CONDITIONS = DEBUG;
				SWIFT_OPTIMIZATION_LEVEL = "-Onone";
			};
			name = Debug;
		};
		D6F38C87298445FF0067E13F /* Release */ = {
			isa = XCBuildConfiguration;
			buildSettings = {
				ALWAYS_SEARCH_USER_PATHS = NO;
				CLANG_ANALYZER_NONNULL = YES;
				CLANG_ANALYZER_NUMBER_OBJECT_CONVERSION = YES_AGGRESSIVE;
				CLANG_CXX_LANGUAGE_STANDARD = "gnu++14";
				CLANG_CXX_LIBRARY = "libc++";
				CLANG_ENABLE_MODULES = YES;
				CLANG_ENABLE_OBJC_ARC = YES;
				CLANG_ENABLE_OBJC_WEAK = YES;
				CLANG_WARN_BLOCK_CAPTURE_AUTORELEASING = YES;
				CLANG_WARN_BOOL_CONVERSION = YES;
				CLANG_WARN_COMMA = YES;
				CLANG_WARN_CONSTANT_CONVERSION = YES;
				CLANG_WARN_DEPRECATED_OBJC_IMPLEMENTATIONS = YES;
				CLANG_WARN_DIRECT_OBJC_ISA_USAGE = YES_ERROR;
				CLANG_WARN_DOCUMENTATION_COMMENTS = YES;
				CLANG_WARN_EMPTY_BODY = YES;
				CLANG_WARN_ENUM_CONVERSION = YES;
				CLANG_WARN_INFINITE_RECURSION = YES;
				CLANG_WARN_INT_CONVERSION = YES;
				CLANG_WARN_NON_LITERAL_NULL_CONVERSION = YES;
				CLANG_WARN_OBJC_IMPLICIT_RETAIN_SELF = YES;
				CLANG_WARN_OBJC_LITERAL_CONVERSION = YES;
				CLANG_WARN_OBJC_ROOT_CLASS = YES_ERROR;
				CLANG_WARN_RANGE_LOOP_ANALYSIS = YES;
				CLANG_WARN_STRICT_PROTOTYPES = YES;
				CLANG_WARN_SUSPICIOUS_MOVE = YES;
				CLANG_WARN_UNGUARDED_AVAILABILITY = YES_AGGRESSIVE;
				CLANG_WARN_UNREACHABLE_CODE = YES;
				CLANG_WARN__DUPLICATE_METHOD_MATCH = YES;
				COPY_PHASE_STRIP = NO;
				DEBUG_INFORMATION_FORMAT = "dwarf-with-dsym";
				ENABLE_NS_ASSERTIONS = NO;
				ENABLE_STRICT_OBJC_MSGSEND = YES;
				GCC_C_LANGUAGE_STANDARD = gnu11;
				GCC_NO_COMMON_BLOCKS = YES;
				GCC_WARN_64_TO_32_BIT_CONVERSION = YES;
				GCC_WARN_ABOUT_RETURN_TYPE = YES_ERROR;
				GCC_WARN_UNDECLARED_SELECTOR = YES;
				GCC_WARN_UNINITIALIZED_AUTOS = YES_AGGRESSIVE;
				GCC_WARN_UNUSED_FUNCTION = YES;
				GCC_WARN_UNUSED_VARIABLE = YES;
				IPHONEOS_DEPLOYMENT_TARGET = 13.7;
				MTL_ENABLE_DEBUG_INFO = NO;
				MTL_FAST_MATH = YES;
				SDKROOT = iphoneos;
				SWIFT_COMPILATION_MODE = wholemodule;
				SWIFT_OPTIMIZATION_LEVEL = "-O";
				VALIDATE_PRODUCT = YES;
			};
			name = Release;
		};
		D6F38C89298445FF0067E13F /* Debug */ = {
			isa = XCBuildConfiguration;
			buildSettings = {
				ASSETCATALOG_COMPILER_APPICON_NAME = AppIcon;
				CODE_SIGN_STYLE = Automatic;
				INFOPLIST_FILE = "ios-cw-app/Info.plist";
				LD_RUNPATH_SEARCH_PATHS = (
					"$(inherited)",
					"@executable_path/Frameworks",
				);
				PRODUCT_BUNDLE_IDENTIFIER = "ios-cw-app.ios-cw-app";
				PRODUCT_NAME = "$(TARGET_NAME)";
				SWIFT_VERSION = 5.0;
				TARGETED_DEVICE_FAMILY = "1,2";
			};
			name = Debug;
		};
		D6F38C8A298445FF0067E13F /* Release */ = {
			isa = XCBuildConfiguration;
			buildSettings = {
				ASSETCATALOG_COMPILER_APPICON_NAME = AppIcon;
				CODE_SIGN_STYLE = Automatic;
				INFOPLIST_FILE = "ios-cw-app/Info.plist";
				LD_RUNPATH_SEARCH_PATHS = (
					"$(inherited)",
					"@executable_path/Frameworks",
				);
				PRODUCT_BUNDLE_IDENTIFIER = "ios-cw-app.ios-cw-app";
				PRODUCT_NAME = "$(TARGET_NAME)";
				SWIFT_VERSION = 5.0;
				TARGETED_DEVICE_FAMILY = "1,2";
			};
			name = Release;
		};
/* End XCBuildConfiguration section */

/* Begin XCConfigurationList section */
		D6F38C6F298445FB0067E13F /* Build configuration list for PBXProject "ios-cw-app" */ = {
			isa = XCConfigurationList;
			buildConfigurations = (
				D6F38C86298445FF0067E13F /* Debug */,
				D6F38C87298445FF0067E13F /* Release */,
			);
			defaultConfigurationIsVisible = 0;
			defaultConfigurationName = Release;
		};
		D6F38C88298445FF0067E13F /* Build configuration list for PBXNativeTarget "ios-cw-app" */ = {
			isa = XCConfigurationList;
			buildConfigurations = (
				D6F38C89298445FF0067E13F /* Debug */,
				D6F38C8A298445FF0067E13F /* Release */,
			);
			defaultConfigurationIsVisible = 0;
			defaultConfigurationName = Release;
		};
/* End XCConfigurationList section */

/* Begin XCRemoteSwiftPackageReference section */
		D6B678B9298E2AF6003A2E48 /* XCRemoteSwiftPackageReference "SDWebImage" */ = {
			isa = XCRemoteSwiftPackageReference;
			repositoryURL = "https://github.com/SDWebImage/SDWebImage.git";
			requirement = {
				kind = exactVersion;
				version = 5.9.5;
			};
		};
/* End XCRemoteSwiftPackageReference section */

/* Begin XCSwiftPackageProductDependency section */
		D6B678BA298E2AF6003A2E48 /* SDWebImage */ = {
			isa = XCSwiftPackageProductDependency;
			package = D6B678B9298E2AF6003A2E48 /* XCRemoteSwiftPackageReference "SDWebImage" */;
			productName = SDWebImage;
		};
		D6B678BC298E2AF6003A2E48 /* SDWebImageMapKit */ = {
			isa = XCSwiftPackageProductDependency;
			package = D6B678B9298E2AF6003A2E48 /* XCRemoteSwiftPackageReference "SDWebImage" */;
			productName = SDWebImageMapKit;
		};
/* End XCSwiftPackageProductDependency section */
	};
	rootObject = D6F38C6C298445FB0067E13F /* Project object */;
}
